{
  "nodes": {
    "home-manager": {
      "inputs": {
        "nixpkgs": [
          "nixpkgs"
        ]
      },
      "locked": {
        "lastModified": 1642653493,
        "narHash": "sha256-22mGPjiHUo2Jmze4IjXCJLjeK2mbvvCztHmUyUMr4yw=",
        "owner": "nix-community",
        "repo": "home-manager",
        "rev": "28b9ae40c45c5e7711c353fee1b7af734e293979",
        "type": "github"
      },
      "original": {
        "owner": "nix-community",
        "ref": "release-21.11",
        "repo": "home-manager",
        "type": "github"
      }
    },
    "nixos-hardware": {
      "locked": {
        "lastModified": 1641965797,
        "narHash": "sha256-AfxfIzAZbt9aAzpVBn0Bwhd/M4Wix7G91kEjm9H6FPo=",
        "owner": "NixOS",
        "repo": "nixos-hardware",
        "rev": "87a35a0d58f546dc23f37b4f6af575d0e4be6a7a",
        "type": "github"
      },
      "original": {
        "owner": "NixOS",
        "ref": "master",
        "repo": "nixos-hardware",
        "type": "github"
      }
    },
    "nixpkgs": {
      "locked": {
        "lastModified": 1643782145,
        "narHash": "sha256-1NiVtNs3ioRdD22pnHa9huD3Qvfht087R4dfbuhaKwo=",
        "type": "git",
        "url": "file:///home/scott/workspace/nixpkgs"
      },
      "original": {
        "type": "git",
        "url": "file:///home/scott/workspace/nixpkgs"
      }
    },
    "root": {
      "inputs": {
        "home-manager": "home-manager",
        "nixos-hardware": "nixos-hardware",
        "nixpkgs": "nixpkgs",
        "wpilib-installer": "wpilib-installer"
      }
    },
    "wpilib-installer": {
      "flake": false,
      "locked": {
        "narHash": "sha256-I/YB7vUHINF4LffIOfw2hmPAB4eR8txpcpImiHS7GnY=",
        "type": "tarball",
        "url": "https://github.com/wpilibsuite/allwpilib/releases/download/v2022.2.1/WPILib_Linux-2022.2.1.tar.gz"
      },
      "original": {
        "type": "tarball",
        "url": "https://github.com/wpilibsuite/allwpilib/releases/download/v2022.2.1/WPILib_Linux-2022.2.1.tar.gz"
      }
    }
  },
  "root": "root",
  "version": 7
}
