{
  "nodes": {
    "nixpkgs": {
      "locked": {
        "lastModified": 1643322911,
        "narHash": "sha256-WLe4lXAYXH/v80iO02npX1wdXq4nIVEHJTONLXbQrL0=",
        "owner": "NixOS",
        "repo": "nixpkgs",
        "rev": "d9e21f284317f85b3476c0043f4efea87a226c3a",
        "type": "github"
      },
      "original": {
        "id": "nixpkgs",
        "type": "indirect"
      }
    },
    "root": {
      "inputs": {
        "nixpkgs": "nixpkgs",
        "utils": "utils",
        "wpilib": "wpilib"
      }
    },
    "utils": {
      "locked": {
        "lastModified": 1642700792,
        "narHash": "sha256-XqHrk7hFb+zBvRg6Ghl+AZDq03ov6OshJLiSWOoX5es=",
        "owner": "numtide",
        "repo": "flake-utils",
        "rev": "846b2ae0fc4cc943637d3d1def4454213e203cba",
        "type": "github"
      },
      "original": {
        "owner": "numtide",
        "repo": "flake-utils",
        "type": "github"
      }
    },
    "wpilib": {
      "flake": false,
      "locked": {
        "narHash": "sha256-I/YB7vUHINF4LffIOfw2hmPAB4eR8txpcpImiHS7GnY=",
        "type": "tarball",
        "url": "https://github.com/wpilibsuite/allwpilib/releases/download/v2022.2.1/WPILib_Linux-2022.2.1.tar.gz"
      },
      "original": {
        "type": "tarball",
        "url": "https://github.com/wpilibsuite/allwpilib/releases/download/v2022.2.1/WPILib_Linux-2022.2.1.tar.gz"
      }
    }
  },
  "root": "root",
  "version": 7
}
